{
  "name": "coreprobe1",
  "version": "1.0.0",
  "lockfileVersion": 1,
  "requires": true,
  "dependencies": {
    "@tensorflow-models/coco-ssd": {
      "version": "2.0.3",
      "resolved": "https://registry.npmjs.org/@tensorflow-models/coco-ssd/-/coco-ssd-2.0.3.tgz",
      "integrity": "sha512-jTyGC6on59ENZNVm5GYtGn3JNaM/7nULMB/2At11MavvQt6Rlfht/5BJs/r5Hty2r7BB4C6iDrllrkXRZeOtLQ=="
    },
    "@types/w3c-image-capture": {
      "version": "1.0.2",
      "resolved": "https://registry.npmjs.org/@types/w3c-image-capture/-/w3c-image-capture-1.0.2.tgz",
      "integrity": "sha512-r3OpASHP8NtO0WVc+YHZQks1qupfpx7wI7SFiVIsvuzmIQIv1K86wUG5w6o2zY2GN2QvjEGIF4eXBpOJa9dj6A==",
      "requires": {
        "@types/webrtc": "*"
      }
    },
    "@types/webrtc": {
      "version": "0.0.26",
      "resolved": "https://registry.npmjs.org/@types/webrtc/-/webrtc-0.0.26.tgz",
      "integrity": "sha512-hTDoPKPYbgcogZA9eqhihPO+HnUs5BNPfnoOyc9bzcuq56eYV28zwJ+3tortPN0uXgmDvNs3f1JaT4oTbtWxqg=="
    }
  }
}
